
Microsoft Visual Studio Solution File, Format Version 12.00
# Visual Studio Version 17
VisualStudioVersion = 17.11.35312.102
MinimumVisualStudioVersion = 10.0.40219.1
Project("{9A19103F-16F7-4668-BE54-9A1E7A4F7556}") = "Sarap", "Sarap\Sarap.csproj", "{9EE1B043-0DB4-45A8-B65D-970BC28F9CAD}"
EndProject
Project("{9A19103F-16F7-4668-BE54-9A1E7A4F7556}") = "Architecture", "Architecture\Architecture.csproj", "{BB2A5C11-FEBC-4BA6-B81D-8A4B5B6468AF}"
EndProject
Global
	GlobalSection(SolutionConfigurationPlatforms) = preSolution
		Debug|Any CPU = Debug|Any CPU
		Release|Any CPU = Release|Any CPU
	EndGlobalSection
	GlobalSection(ProjectConfigurationPlatforms) = postSolution
		{9EE1B043-0DB4-45A8-B65D-970BC28F9CAD}.Debug|Any CPU.ActiveCfg = Debug|Any CPU
		{9EE1B043-0DB4-45A8-B65D-970BC28F9CAD}.Debug|Any CPU.Build.0 = Debug|Any CPU
		{9EE1B043-0DB4-45A8-B65D-970BC28F9CAD}.Release|Any CPU.ActiveCfg = Release|Any CPU
		{9EE1B043-0DB4-45A8-B65D-970BC28F9CAD}.Release|Any CPU.Build.0 = Release|Any CPU
		{BB2A5C11-FEBC-4BA6-B81D-8A4B5B6468AF}.Debug|Any CPU.ActiveCfg = Debug|Any CPU
		{BB2A5C11-FEBC-4BA6-B81D-8A4B5B6468AF}.Debug|Any CPU.Build.0 = Debug|Any CPU
		{BB2A5C11-FEBC-4BA6-B81D-8A4B5B6468AF}.Release|Any CPU.ActiveCfg = Release|Any CPU
		{BB2A5C11-FEBC-4BA6-B81D-8A4B5B6468AF}.Release|Any CPU.Build.0 = Release|Any CPU
	EndGlobalSection
	GlobalSection(SolutionProperties) = preSolution
		HideSolutionNode = FALSE
	EndGlobalSection
	GlobalSection(ExtensibilityGlobals) = postSolution
		SolutionGuid = {646B85C4-1A6A-4DA8-A56E-D05948BE2CF9}
	EndGlobalSection
EndGlobal
